
Microsoft Visual Studio Solution File, Format Version 12.00
# Visual Studio Version 17
VisualStudioVersion = 17.5.2.0
MinimumVisualStudioVersion = 10.0.40219.1
Project("{FAE04EC0-301F-11D3-BF4B-00C04F79EFBC}") = "ExamLeadPortal", "ExamLeadPortal.csproj", "{B6CAFA2A-CF39-E7AB-96B8-27F9C55B1208}"
EndProject
Project("{FAE04EC0-301F-11D3-BF4B-00C04F79EFBC}") = "ExamLeadPortal.Tests", "..\ExamLeadPortal.Tests\ExamLeadPortal.Tests.csproj", "{ADF9E40E-4BA1-4B58-86EB-8847BAECDEEC}"
EndProject
Global
	GlobalSection(SolutionConfigurationPlatforms) = preSolution
		Debug|Any CPU = Debug|Any CPU
		Release|Any CPU = Release|Any CPU
	EndGlobalSection
	GlobalSection(ProjectConfigurationPlatforms) = postSolution
		{B6CAFA2A-CF39-E7AB-96B8-27F9C55B1208}.Debug|Any CPU.ActiveCfg = Debug|Any CPU
		{B6CAFA2A-CF39-E7AB-96B8-27F9C55B1208}.Debug|Any CPU.Build.0 = Debug|Any CPU
		{B6CAFA2A-CF39-E7AB-96B8-27F9C55B1208}.Release|Any CPU.ActiveCfg = Release|Any CPU
		{B6CAFA2A-CF39-E7AB-96B8-27F9C55B1208}.Release|Any CPU.Build.0 = Release|Any CPU
		{ADF9E40E-4BA1-4B58-86EB-8847BAECDEEC}.Debug|Any CPU.ActiveCfg = Debug|Any CPU
		{ADF9E40E-4BA1-4B58-86EB-8847BAECDEEC}.Debug|Any CPU.Build.0 = Debug|Any CPU
		{ADF9E40E-4BA1-4B58-86EB-8847BAECDEEC}.Release|Any CPU.ActiveCfg = Release|Any CPU
		{ADF9E40E-4BA1-4B58-86EB-8847BAECDEEC}.Release|Any CPU.Build.0 = Release|Any CPU
	EndGlobalSection
	GlobalSection(SolutionProperties) = preSolution
		HideSolutionNode = FALSE
	EndGlobalSection
	GlobalSection(ExtensibilityGlobals) = postSolution
		SolutionGuid = {C49A1454-39F5-47E0-ACBF-E8374F0566CC}
	EndGlobalSection
EndGlobal
